PODS:
  - audioplayers_darwin (0.0.1):
    - Flutter
  - Flutter (1.0.0)
  - fonnx (1.0.0):
    - Flutter
    - onnxruntime-extensions-c
    - onnxruntime-objc
  - integration_test (0.0.1):
    - Flutter
  - onnxruntime-c (1.17.0)
  - onnxruntime-extensions-c (0.9.0)
  - onnxruntime-objc (1.17.0):
    - onnxruntime-objc/Core (= 1.17.0)
  - onnxruntime-objc/Core (1.17.0):
    - onnxruntime-c (= 1.17.0)
  - path_provider_foundation (0.0.1):
    - Flutter
    - FlutterMacOS
  - record_darwin (1.0.0):
    - Flutter
    - FlutterMacOS

DEPENDENCIES:
  - audioplayers_darwin (from `.symlinks/plugins/audioplayers_darwin/ios`)
  - Flutter (from `Flutter`)
  - fonnx (from `.symlinks/plugins/fonnx/ios`)
  - integration_test (from `.symlinks/plugins/integration_test/ios`)
  - path_provider_foundation (from `.symlinks/plugins/path_provider_foundation/darwin`)
  - record_darwin (from `.symlinks/plugins/record_darwin/ios`)

SPEC REPOS:
  trunk:
    - onnxruntime-c
    - onnxruntime-extensions-c
    - onnxruntime-objc

EXTERNAL SOURCES:
  audioplayers_darwin:
    :path: ".symlinks/plugins/audioplayers_darwin/ios"
  Flutter:
    :path: Flutter
  fonnx:
    :path: ".symlinks/plugins/fonnx/ios"
  integration_test:
    :path: ".symlinks/plugins/integration_test/ios"
  path_provider_foundation:
    :path: ".symlinks/plugins/path_provider_foundation/darwin"
  record_darwin:
    :path: ".symlinks/plugins/record_darwin/ios"

SPEC CHECKSUMS:
  audioplayers_darwin: 877d9a4d06331c5c374595e46e16453ac7eafa40
  Flutter: e0871f40cf51350855a761d2e70bf5af5b9b5de7
  fonnx: 43ccf5b747f218b7cf389d84c5b841aada6cb70d
  integration_test: 13825b8a9334a850581300559b8839134b124670
  onnxruntime-c: f5350dc5e5c4a25d0b2887a7320b8589db84431a
  onnxruntime-extensions-c: 05cabc77ae90a851127fb966e1b4159d5da42874
  onnxruntime-objc: f801d5bd43ac14110136f707dccf0c851822b51e
  path_provider_foundation: 29f094ae23ebbca9d3d0cec13889cd9060c0e943
  record_darwin: 1f6619f2abac4d1ca91d3eeab038c980d76f1517

PODFILE CHECKSUM: 1a610196068d60c593240af5821215a3b1a1a0aa

COCOAPODS: 1.14.3
